
Microsoft Visual Studio Solution File, Format Version 12.00
# Visual Studio 15
VisualStudioVersion = 15.0.28307.902
MinimumVisualStudioVersion = 10.0.40219.1
Project("{FAE04EC0-301F-11D3-BF4B-00C04F79EFBC}") = "SalesWebMvc_01", "SalesWebMvc_01\SalesWebMvc_01.csproj", "{4D684A9E-C4ED-4B89-BFC3-6AD248DFD042}"
EndProject
Global
	GlobalSection(SolutionConfigurationPlatforms) = preSolution
		Debug|Any CPU = Debug|Any CPU
		Release|Any CPU = Release|Any CPU
	EndGlobalSection
	GlobalSection(ProjectConfigurationPlatforms) = postSolution
		{4D684A9E-C4ED-4B89-BFC3-6AD248DFD042}.Debug|Any CPU.ActiveCfg = Debug|Any CPU
		{4D684A9E-C4ED-4B89-BFC3-6AD248DFD042}.Debug|Any CPU.Build.0 = Debug|Any CPU
		{4D684A9E-C4ED-4B89-BFC3-6AD248DFD042}.Release|Any CPU.ActiveCfg = Release|Any CPU
		{4D684A9E-C4ED-4B89-BFC3-6AD248DFD042}.Release|Any CPU.Build.0 = Release|Any CPU
	EndGlobalSection
	GlobalSection(SolutionProperties) = preSolution
		HideSolutionNode = FALSE
	EndGlobalSection
	GlobalSection(ExtensibilityGlobals) = postSolution
		SolutionGuid = {4F0778B4-4EC1-4F5F-83DB-1C16B159693F}
	EndGlobalSection
EndGlobal
